{
    __meta__ = {
        version = "1.0"
    },
    ["linux|x86_64"] = {
        ["cmake#31fecfc4"] = {
            repo = {
                branch = "master",
                commit = "fd63520c7b8880a41eff7f69920fac70f300468d",
                url = "https://gitlab.com/tboox/xmake-repo.git"
            },
            version = "3.29.0"
        },
        ["cxxopts#31fecfc4"] = {
            repo = {
                branch = "master",
                commit = "fd63520c7b8880a41eff7f69920fac70f300468d",
                url = "https://gitlab.com/tboox/xmake-repo.git"
            },
            version = "v3.2.1"
        },
        ["toml++ 1f7884e59165e517462f922e7b6de131bd9844f3#31fecfc4"] = {
            repo = {
                branch = "master",
                commit = "fd63520c7b8880a41eff7f69920fac70f300468d",
                url = "https://gitlab.com/tboox/xmake-repo.git"
            },
            version = "1f7884e5"
        }
    }
}